{
  "projects": [
    {
      "projectId": "84wxoth5npGrp6RRXPL88z",
      "version": "4.10.0",
      "dependencies": {},
      "lang": "ts",
      "fileLocks": [
        {
          "assetId": "84wxoth5npGrp6RRXPL88z",
          "checksum": "9e5d7715fa73643035101a564f263924",
          "type": "globalContexts"
        },
        {
          "assetId": "84wxoth5npGrp6RRXPL88z",
          "type": "projectCss",
          "checksum": "e8a025a867f93b7c22f2e965794336b3"
        }
      ],
      "codegenVersion": "0.0.1"
    },
    {
      "projectId": "caTPwKxj5ZrD9LQ7DMdK4Z",
      "version": "3.13.0",
      "dependencies": {},
      "lang": "ts",
      "fileLocks": [
        {
          "assetId": "caTPwKxj5ZrD9LQ7DMdK4Z",
          "type": "projectCss",
          "checksum": "5ec17907b444e5bfe21e4e6d853dfb8b"
        }
      ],
      "codegenVersion": "0.0.1"
    },
    {
      "projectId": "58GpZjZCWTaJ8AUhpCwt2K",
      "version": "3.10.0",
      "dependencies": {},
      "lang": "ts",
      "fileLocks": [
        {
          "assetId": "58GpZjZCWTaJ8AUhpCwt2K",
          "type": "projectCss",
          "checksum": "4021e0479e54ee375d24a6900ea396ce"
        }
      ],
      "codegenVersion": "0.0.1"
    },
    {
      "projectId": "r3ASNrnyvLLLAtDvzUioQ",
      "version": "3.9.0",
      "dependencies": {},
      "lang": "ts",
      "fileLocks": [
        {
          "assetId": "r3ASNrnyvLLLAtDvzUioQ",
          "type": "projectCss",
          "checksum": "3b74860bfb464768b7c76a106ae0781d"
        }
      ],
      "codegenVersion": "0.0.1"
    },
    {
      "projectId": "8PtdGodUbexNYgkuyBUcWu",
      "version": "3.9.0",
      "dependencies": {},
      "lang": "ts",
      "fileLocks": [
        {
          "assetId": "8PtdGodUbexNYgkuyBUcWu",
          "checksum": "c48776bba1b3886e93349ddfa619cee9",
          "type": "globalContexts"
        },
        {
          "assetId": "8PtdGodUbexNYgkuyBUcWu",
          "type": "projectCss",
          "checksum": "76db87539686fc102cccade8b29dbadb"
        }
      ],
      "codegenVersion": "0.0.1"
    },
    {
      "projectId": "hjKYmYi6HMwK6TRyk7ew5R",
      "version": "6.12.0",
      "dependencies": {},
      "lang": "ts",
      "fileLocks": [
        {
          "assetId": "hjKYmYi6HMwK6TRyk7ew5R",
          "checksum": "812fdf26bc85a5e0d100a76859d3ee26",
          "type": "globalContexts"
        },
        {
          "assetId": "hjKYmYi6HMwK6TRyk7ew5R",
          "type": "projectCss",
          "checksum": "b13deb4c3cdd2f5cb5b345dd63d08f8a"
        }
      ],
      "codegenVersion": "0.0.1"
    },
    {
      "projectId": "7kHHtmp7kw7v5e6mQsr6wa",
      "version": "latest",
      "dependencies": {
        "hjKYmYi6HMwK6TRyk7ew5R": "6.12.0",
        "8PtdGodUbexNYgkuyBUcWu": "3.9.0",
        "r3ASNrnyvLLLAtDvzUioQ": "3.9.0",
        "58GpZjZCWTaJ8AUhpCwt2K": "3.10.0",
        "caTPwKxj5ZrD9LQ7DMdK4Z": "3.13.0",
        "84wxoth5npGrp6RRXPL88z": "4.10.0"
      },
      "lang": "ts",
      "fileLocks": [
        {
          "type": "globalVariant",
          "assetId": "qd2M7fh1c7fCR",
          "checksum": "a27e9c0fbc41d3b14b93f090b17298f1"
        },
        {
          "assetId": "7kHHtmp7kw7v5e6mQsr6wa",
          "checksum": "cd10a9c3394800f9c8f1495e4fbecd26",
          "type": "globalContexts"
        },
        {
          "type": "renderModule",
          "assetId": "-LpQrqaEn4zH",
          "checksum": "dc1f3fe87cef19d0ac81a2e1acc3759f"
        },
        {
          "type": "cssRules",
          "assetId": "-LpQrqaEn4zH",
          "checksum": "dc1f3fe87cef19d0ac81a2e1acc3759f"
        },
        {
          "type": "renderModule",
          "assetId": "S3DCq_OZJ7",
          "checksum": "ede13065d09fe4e8ead714269b411b4f"
        },
        {
          "type": "cssRules",
          "assetId": "S3DCq_OZJ7",
          "checksum": "ede13065d09fe4e8ead714269b411b4f"
        },
        {
          "type": "renderModule",
          "assetId": "oGDcZ7dAly",
          "checksum": "524eedc69c19e176ae6cbc46f4fbb8a1"
        },
        {
          "type": "cssRules",
          "assetId": "oGDcZ7dAly",
          "checksum": "524eedc69c19e176ae6cbc46f4fbb8a1"
        },
        {
          "type": "renderModule",
          "assetId": "ww_7YrxOb5",
          "checksum": "503173be2d5ce630cba300dd89be1d46"
        },
        {
          "type": "cssRules",
          "assetId": "ww_7YrxOb5",
          "checksum": "503173be2d5ce630cba300dd89be1d46"
        },
        {
          "type": "renderModule",
          "assetId": "FpGeBZ3fSu",
          "checksum": "41bc6bf3e56d8a7e6e0c2a821c358ed6"
        },
        {
          "type": "cssRules",
          "assetId": "FpGeBZ3fSu",
          "checksum": "41bc6bf3e56d8a7e6e0c2a821c358ed6"
        },
        {
          "type": "renderModule",
          "assetId": "Gp2gyPlsjU",
          "checksum": "238fd4c24357b8d0bb24e26de2570e88"
        },
        {
          "type": "cssRules",
          "assetId": "Gp2gyPlsjU",
          "checksum": "238fd4c24357b8d0bb24e26de2570e88"
        },
        {
          "type": "renderModule",
          "assetId": "WiFB8-VHiUE",
          "checksum": "e7ab3b2cfa36f36f9d0efd1b1715af26"
        },
        {
          "type": "cssRules",
          "assetId": "WiFB8-VHiUE",
          "checksum": "e7ab3b2cfa36f36f9d0efd1b1715af26"
        },
        {
          "type": "renderModule",
          "assetId": "R2StY4hS7ch",
          "checksum": "c0406e312d0df326f4b0c2a7980721be"
        },
        {
          "type": "cssRules",
          "assetId": "R2StY4hS7ch",
          "checksum": "c0406e312d0df326f4b0c2a7980721be"
        },
        {
          "type": "renderModule",
          "assetId": "DXi2tuunkH",
          "checksum": "d9b7b556d5e0b5c80c2f61406a2da384"
        },
        {
          "type": "cssRules",
          "assetId": "DXi2tuunkH",
          "checksum": "d9b7b556d5e0b5c80c2f61406a2da384"
        },
        {
          "type": "renderModule",
          "assetId": "2FDyF-_1j4",
          "checksum": "d0826eac388db6fbb0e45db9e0d17d8d"
        },
        {
          "type": "cssRules",
          "assetId": "2FDyF-_1j4",
          "checksum": "d0826eac388db6fbb0e45db9e0d17d8d"
        },
        {
          "type": "renderModule",
          "assetId": "aYyZ3CnFHM",
          "checksum": "bee0f4f6015e59f75accc12bc7c330a6"
        },
        {
          "type": "cssRules",
          "assetId": "aYyZ3CnFHM",
          "checksum": "bee0f4f6015e59f75accc12bc7c330a6"
        },
        {
          "type": "renderModule",
          "assetId": "xiHfOpwUTy3",
          "checksum": "cba7f460356690a8dbace68d1e3f9358"
        },
        {
          "type": "cssRules",
          "assetId": "xiHfOpwUTy3",
          "checksum": "cba7f460356690a8dbace68d1e3f9358"
        },
        {
          "type": "renderModule",
          "assetId": "D4A_nzoplA",
          "checksum": "2754b6ae89992ae1446cd761575fafad"
        },
        {
          "type": "cssRules",
          "assetId": "D4A_nzoplA",
          "checksum": "2754b6ae89992ae1446cd761575fafad"
        },
        {
          "type": "renderModule",
          "assetId": "E4_3fcJKstM",
          "checksum": "92dfce59fa9a3f296f8ca963a13c6501"
        },
        {
          "type": "cssRules",
          "assetId": "E4_3fcJKstM",
          "checksum": "92dfce59fa9a3f296f8ca963a13c6501"
        },
        {
          "type": "renderModule",
          "assetId": "fuGFWdbuZH1",
          "checksum": "9c5e2fc6fb88f1e6f2d38eac5cedff97"
        },
        {
          "type": "cssRules",
          "assetId": "fuGFWdbuZH1",
          "checksum": "9c5e2fc6fb88f1e6f2d38eac5cedff97"
        },
        {
          "type": "renderModule",
          "assetId": "jgjxXrhn30",
          "checksum": "da234be2b86f07737e46f4c0583328c9"
        },
        {
          "type": "cssRules",
          "assetId": "jgjxXrhn30",
          "checksum": "da234be2b86f07737e46f4c0583328c9"
        },
        {
          "type": "renderModule",
          "assetId": "21eUIqEO3u",
          "checksum": "40f42c0ee5533e18745815fb1073137e"
        },
        {
          "type": "cssRules",
          "assetId": "21eUIqEO3u",
          "checksum": "40f42c0ee5533e18745815fb1073137e"
        },
        {
          "type": "renderModule",
          "assetId": "4iL8_Fj5jz",
          "checksum": "5a761e95e23c46fc42667e14816e7b26"
        },
        {
          "type": "cssRules",
          "assetId": "4iL8_Fj5jz",
          "checksum": "5a761e95e23c46fc42667e14816e7b26"
        },
        {
          "type": "icon",
          "assetId": "S0f28tX5quw",
          "checksum": "3be99604e4838ef6cc37265ab2e6837b"
        },
        {
          "type": "icon",
          "assetId": "TE7eTcYpH1C",
          "checksum": "3e816517e7d3f9a56e5a6b1d7adcb12d"
        },
        {
          "type": "image",
          "assetId": "0ZW3BPmlN",
          "checksum": "48ef85eab95b72ac48e739884d7917c6"
        },
        {
          "type": "image",
          "assetId": "P1G7E7hh4",
          "checksum": "5f34871d4550228bbb8044a63b73e245"
        },
        {
          "type": "image",
          "assetId": "NPAEF4gYs",
          "checksum": "bcec3b80f1116f3f5faefba8e59f4721"
        },
        {
          "type": "image",
          "assetId": "3getqYjJR",
          "checksum": "5cb0ebd93fd092e28e18d66fa9482cb4"
        },
        {
          "type": "image",
          "assetId": "m6tYioaXUFyx",
          "checksum": "4d20921514dfe4d59b20fd6d8600449a"
        },
        {
          "type": "image",
          "assetId": "42T3HLsn7",
          "checksum": "793f1adc60e536f8e85e56c1418fbcc3"
        },
        {
          "assetId": "7kHHtmp7kw7v5e6mQsr6wa",
          "type": "projectCss",
          "checksum": "579359060720f66a3c40d865f4a3aef8"
        }
      ],
      "codegenVersion": "0.0.1"
    }
  ],
  "cliVersion": "0.1.194"
}
