{
  "projects": [
    {
      "projectId": "84wxoth5npGrp6RRXPL88z",
      "version": "4.8.0",
      "dependencies": {},
      "lang": "ts",
      "fileLocks": [
        {
          "assetId": "84wxoth5npGrp6RRXPL88z",
          "type": "projectCss",
          "checksum": "19d873a43cd29ae40e2d9c68ba437a3e"
        },
        {
          "assetId": "84wxoth5npGrp6RRXPL88z",
          "checksum": "b2ce5fdf753761f5713b1026b9e65539",
          "type": "globalContexts"
        }
      ],
      "codegenVersion": "0.0.1"
    },
    {
      "projectId": "caTPwKxj5ZrD9LQ7DMdK4Z",
      "version": "3.11.0",
      "dependencies": {},
      "lang": "ts",
      "fileLocks": [
        {
          "assetId": "caTPwKxj5ZrD9LQ7DMdK4Z",
          "type": "projectCss",
          "checksum": "3f861d9934733b06ddcc0158487615ce"
        }
      ],
      "codegenVersion": "0.0.1"
    },
    {
      "projectId": "58GpZjZCWTaJ8AUhpCwt2K",
      "version": "3.8.0",
      "dependencies": {},
      "lang": "ts",
      "fileLocks": [
        {
          "assetId": "58GpZjZCWTaJ8AUhpCwt2K",
          "type": "projectCss",
          "checksum": "dbf25c878cd885da8866557c058b53ff"
        }
      ],
      "codegenVersion": "0.0.1"
    },
    {
      "projectId": "r3ASNrnyvLLLAtDvzUioQ",
      "version": "3.8.0",
      "dependencies": {},
      "lang": "ts",
      "fileLocks": [
        {
          "assetId": "r3ASNrnyvLLLAtDvzUioQ",
          "type": "projectCss",
          "checksum": "7d1dbacf8e8dfb8f835321834e1f308e"
        }
      ],
      "codegenVersion": "0.0.1"
    },
    {
      "projectId": "8PtdGodUbexNYgkuyBUcWu",
      "version": "3.8.0",
      "dependencies": {},
      "lang": "ts",
      "fileLocks": [
        {
          "assetId": "8PtdGodUbexNYgkuyBUcWu",
          "type": "projectCss",
          "checksum": "fab59f1d7821423eb6ea1dc62a110aa6"
        },
        {
          "assetId": "8PtdGodUbexNYgkuyBUcWu",
          "checksum": "82081a65ef0a9809edc60ec6b4a9d708",
          "type": "globalContexts"
        }
      ],
      "codegenVersion": "0.0.1"
    },
    {
      "projectId": "hjKYmYi6HMwK6TRyk7ew5R",
      "version": "6.11.0",
      "dependencies": {},
      "lang": "ts",
      "fileLocks": [
        {
          "assetId": "hjKYmYi6HMwK6TRyk7ew5R",
          "type": "projectCss",
          "checksum": "e2a20cff976d3b9fabfeecba32540b91"
        },
        {
          "assetId": "hjKYmYi6HMwK6TRyk7ew5R",
          "checksum": "a852c9e350a845f23f056078ffda3e4b",
          "type": "globalContexts"
        }
      ],
      "codegenVersion": "0.0.1"
    },
    {
      "projectId": "7kHHtmp7kw7v5e6mQsr6wa",
      "version": "latest",
      "dependencies": {
        "hjKYmYi6HMwK6TRyk7ew5R": "6.11.0",
        "8PtdGodUbexNYgkuyBUcWu": "3.8.0",
        "r3ASNrnyvLLLAtDvzUioQ": "3.8.0",
        "58GpZjZCWTaJ8AUhpCwt2K": "3.8.0",
        "caTPwKxj5ZrD9LQ7DMdK4Z": "3.11.0"
      },
      "lang": "ts",
      "fileLocks": [
        {
          "type": "globalVariant",
          "assetId": "qd2M7fh1c7fCR",
          "checksum": "aa792efdc31cce63b42d8a17fe36d654"
        },
        {
          "assetId": "7kHHtmp7kw7v5e6mQsr6wa",
          "checksum": "b7430efd0a4d42ca7e8b31ac2bd64739",
          "type": "globalContexts"
        },
        {
          "type": "renderModule",
          "assetId": "-LpQrqaEn4zH",
          "checksum": "d101b38bdc28f0673d0531884e8113f9"
        },
        {
          "type": "cssRules",
          "assetId": "-LpQrqaEn4zH",
          "checksum": "d101b38bdc28f0673d0531884e8113f9"
        },
        {
          "type": "renderModule",
          "assetId": "S3DCq_OZJ7",
          "checksum": "8d9c8b77c5b293a664c713b743f20f75"
        },
        {
          "type": "cssRules",
          "assetId": "S3DCq_OZJ7",
          "checksum": "8d9c8b77c5b293a664c713b743f20f75"
        },
        {
          "type": "renderModule",
          "assetId": "oGDcZ7dAly",
          "checksum": "ab9ffdd43d160fb8c15b8e08f56f1282"
        },
        {
          "type": "cssRules",
          "assetId": "oGDcZ7dAly",
          "checksum": "ab9ffdd43d160fb8c15b8e08f56f1282"
        },
        {
          "type": "renderModule",
          "assetId": "ww_7YrxOb5",
          "checksum": "c20071911d0a27826dc8ae3fe1de8b9a"
        },
        {
          "type": "cssRules",
          "assetId": "ww_7YrxOb5",
          "checksum": "c20071911d0a27826dc8ae3fe1de8b9a"
        },
        {
          "type": "renderModule",
          "assetId": "FpGeBZ3fSu",
          "checksum": "9a50833efc54c4633b5de6082bdfe3f8"
        },
        {
          "type": "cssRules",
          "assetId": "FpGeBZ3fSu",
          "checksum": "9a50833efc54c4633b5de6082bdfe3f8"
        },
        {
          "type": "renderModule",
          "assetId": "Gp2gyPlsjU",
          "checksum": "7e65a2d7e4df9be69facdb8618e7e346"
        },
        {
          "type": "cssRules",
          "assetId": "Gp2gyPlsjU",
          "checksum": "7e65a2d7e4df9be69facdb8618e7e346"
        },
        {
          "type": "renderModule",
          "assetId": "WiFB8-VHiUE",
          "checksum": "150051a558b730556a2ee96e67b13847"
        },
        {
          "type": "cssRules",
          "assetId": "WiFB8-VHiUE",
          "checksum": "150051a558b730556a2ee96e67b13847"
        },
        {
          "type": "renderModule",
          "assetId": "R2StY4hS7ch",
          "checksum": "e87313fc958729247af823c4c73967ec"
        },
        {
          "type": "cssRules",
          "assetId": "R2StY4hS7ch",
          "checksum": "e87313fc958729247af823c4c73967ec"
        },
        {
          "type": "renderModule",
          "assetId": "DXi2tuunkH",
          "checksum": "5ca1d5853a4b1969c81fcd26d8f85d11"
        },
        {
          "type": "cssRules",
          "assetId": "DXi2tuunkH",
          "checksum": "5ca1d5853a4b1969c81fcd26d8f85d11"
        },
        {
          "type": "renderModule",
          "assetId": "2FDyF-_1j4",
          "checksum": "2b2d6967a1850f1bf93cb7cebc62936f"
        },
        {
          "type": "cssRules",
          "assetId": "2FDyF-_1j4",
          "checksum": "2b2d6967a1850f1bf93cb7cebc62936f"
        },
        {
          "type": "renderModule",
          "assetId": "aYyZ3CnFHM",
          "checksum": "cfdf1a3c7c584cd222f29d6ba97f4ec0"
        },
        {
          "type": "cssRules",
          "assetId": "aYyZ3CnFHM",
          "checksum": "cfdf1a3c7c584cd222f29d6ba97f4ec0"
        },
        {
          "type": "renderModule",
          "assetId": "xiHfOpwUTy3",
          "checksum": "b5424da0af7ecfdf0828ecb9bd4eaae0"
        },
        {
          "type": "cssRules",
          "assetId": "xiHfOpwUTy3",
          "checksum": "b5424da0af7ecfdf0828ecb9bd4eaae0"
        },
        {
          "type": "renderModule",
          "assetId": "D4A_nzoplA",
          "checksum": "37966f4c750ebfcd2247877431359f30"
        },
        {
          "type": "cssRules",
          "assetId": "D4A_nzoplA",
          "checksum": "37966f4c750ebfcd2247877431359f30"
        },
        {
          "type": "renderModule",
          "assetId": "E4_3fcJKstM",
          "checksum": "044ab533f012d79a814e61a3011d6276"
        },
        {
          "type": "cssRules",
          "assetId": "E4_3fcJKstM",
          "checksum": "044ab533f012d79a814e61a3011d6276"
        },
        {
          "type": "renderModule",
          "assetId": "fuGFWdbuZH1",
          "checksum": "0e81a0fc4209cdf95a9576d0d3a64011"
        },
        {
          "type": "cssRules",
          "assetId": "fuGFWdbuZH1",
          "checksum": "0e81a0fc4209cdf95a9576d0d3a64011"
        },
        {
          "type": "renderModule",
          "assetId": "jgjxXrhn30",
          "checksum": "787b4d5d3399d7674aef2df6f914c614"
        },
        {
          "type": "cssRules",
          "assetId": "jgjxXrhn30",
          "checksum": "787b4d5d3399d7674aef2df6f914c614"
        },
        {
          "type": "renderModule",
          "assetId": "21eUIqEO3u",
          "checksum": "95c7497e99342a0243874759942a067a"
        },
        {
          "type": "cssRules",
          "assetId": "21eUIqEO3u",
          "checksum": "95c7497e99342a0243874759942a067a"
        },
        {
          "type": "renderModule",
          "assetId": "4iL8_Fj5jz",
          "checksum": "de599aff3f208c1d3210ec78001c59a2"
        },
        {
          "type": "cssRules",
          "assetId": "4iL8_Fj5jz",
          "checksum": "de599aff3f208c1d3210ec78001c59a2"
        },
        {
          "type": "icon",
          "assetId": "S0f28tX5quw",
          "checksum": "3be99604e4838ef6cc37265ab2e6837b"
        },
        {
          "type": "icon",
          "assetId": "TE7eTcYpH1C",
          "checksum": "3e816517e7d3f9a56e5a6b1d7adcb12d"
        },
        {
          "type": "image",
          "assetId": "0ZW3BPmlN",
          "checksum": "48ef85eab95b72ac48e739884d7917c6"
        },
        {
          "type": "image",
          "assetId": "P1G7E7hh4",
          "checksum": "5f34871d4550228bbb8044a63b73e245"
        },
        {
          "type": "image",
          "assetId": "NPAEF4gYs",
          "checksum": "bcec3b80f1116f3f5faefba8e59f4721"
        },
        {
          "type": "image",
          "assetId": "3getqYjJR",
          "checksum": "5cb0ebd93fd092e28e18d66fa9482cb4"
        },
        {
          "type": "image",
          "assetId": "m6tYioaXUFyx",
          "checksum": "4d20921514dfe4d59b20fd6d8600449a"
        },
        {
          "type": "image",
          "assetId": "42T3HLsn7",
          "checksum": "793f1adc60e536f8e85e56c1418fbcc3"
        },
        {
          "assetId": "7kHHtmp7kw7v5e6mQsr6wa",
          "type": "projectCss",
          "checksum": "f12f90bea929706d0afda8046f594fac"
        }
      ],
      "codegenVersion": "0.0.1"
    }
  ],
  "cliVersion": "0.1.194"
}
