{
  "projects": [
    {
      "projectId": "84wxoth5npGrp6RRXPL88z",
      "version": "4.8.0",
      "dependencies": {},
      "lang": "ts",
      "fileLocks": [
        {
          "assetId": "84wxoth5npGrp6RRXPL88z",
          "type": "projectCss",
          "checksum": "19d873a43cd29ae40e2d9c68ba437a3e"
        },
        {
          "assetId": "84wxoth5npGrp6RRXPL88z",
          "checksum": "b2ce5fdf753761f5713b1026b9e65539",
          "type": "globalContexts"
        }
      ],
      "codegenVersion": "0.0.1"
    },
    {
      "projectId": "caTPwKxj5ZrD9LQ7DMdK4Z",
      "version": "3.11.0",
      "dependencies": {},
      "lang": "ts",
      "fileLocks": [
        {
          "assetId": "caTPwKxj5ZrD9LQ7DMdK4Z",
          "type": "projectCss",
          "checksum": "3f861d9934733b06ddcc0158487615ce"
        }
      ],
      "codegenVersion": "0.0.1"
    },
    {
      "projectId": "58GpZjZCWTaJ8AUhpCwt2K",
      "version": "3.8.0",
      "dependencies": {},
      "lang": "ts",
      "fileLocks": [
        {
          "assetId": "58GpZjZCWTaJ8AUhpCwt2K",
          "type": "projectCss",
          "checksum": "dbf25c878cd885da8866557c058b53ff"
        }
      ],
      "codegenVersion": "0.0.1"
    },
    {
      "projectId": "r3ASNrnyvLLLAtDvzUioQ",
      "version": "3.8.0",
      "dependencies": {},
      "lang": "ts",
      "fileLocks": [
        {
          "assetId": "r3ASNrnyvLLLAtDvzUioQ",
          "type": "projectCss",
          "checksum": "7d1dbacf8e8dfb8f835321834e1f308e"
        }
      ],
      "codegenVersion": "0.0.1"
    },
    {
      "projectId": "8PtdGodUbexNYgkuyBUcWu",
      "version": "3.8.0",
      "dependencies": {},
      "lang": "ts",
      "fileLocks": [
        {
          "assetId": "8PtdGodUbexNYgkuyBUcWu",
          "type": "projectCss",
          "checksum": "fab59f1d7821423eb6ea1dc62a110aa6"
        },
        {
          "assetId": "8PtdGodUbexNYgkuyBUcWu",
          "checksum": "82081a65ef0a9809edc60ec6b4a9d708",
          "type": "globalContexts"
        }
      ],
      "codegenVersion": "0.0.1"
    },
    {
      "projectId": "hjKYmYi6HMwK6TRyk7ew5R",
      "version": "6.11.0",
      "dependencies": {},
      "lang": "ts",
      "fileLocks": [
        {
          "assetId": "hjKYmYi6HMwK6TRyk7ew5R",
          "type": "projectCss",
          "checksum": "e2a20cff976d3b9fabfeecba32540b91"
        },
        {
          "assetId": "hjKYmYi6HMwK6TRyk7ew5R",
          "checksum": "a852c9e350a845f23f056078ffda3e4b",
          "type": "globalContexts"
        }
      ],
      "codegenVersion": "0.0.1"
    },
    {
      "projectId": "7kHHtmp7kw7v5e6mQsr6wa",
      "version": "latest",
      "dependencies": {
        "hjKYmYi6HMwK6TRyk7ew5R": "6.11.0",
        "8PtdGodUbexNYgkuyBUcWu": "3.8.0",
        "r3ASNrnyvLLLAtDvzUioQ": "3.8.0",
        "58GpZjZCWTaJ8AUhpCwt2K": "3.8.0",
        "caTPwKxj5ZrD9LQ7DMdK4Z": "3.11.0",
        "84wxoth5npGrp6RRXPL88z": "4.8.0"
      },
      "lang": "ts",
      "fileLocks": [
        {
          "type": "globalVariant",
          "assetId": "qd2M7fh1c7fCR",
          "checksum": "aa792efdc31cce63b42d8a17fe36d654"
        },
        {
          "assetId": "7kHHtmp7kw7v5e6mQsr6wa",
          "checksum": "9c63716bf17ed96b61722e9f4d6f3071",
          "type": "globalContexts"
        },
        {
          "type": "renderModule",
          "assetId": "-LpQrqaEn4zH",
          "checksum": "4c6ee89716572ee5e68347464e4cbde0"
        },
        {
          "type": "cssRules",
          "assetId": "-LpQrqaEn4zH",
          "checksum": "4c6ee89716572ee5e68347464e4cbde0"
        },
        {
          "type": "renderModule",
          "assetId": "S3DCq_OZJ7",
          "checksum": "63f1ec2391ff2d1bbf106a752da5958b"
        },
        {
          "type": "cssRules",
          "assetId": "S3DCq_OZJ7",
          "checksum": "63f1ec2391ff2d1bbf106a752da5958b"
        },
        {
          "type": "renderModule",
          "assetId": "oGDcZ7dAly",
          "checksum": "9d755931d0f5b35e89c5874005f34d18"
        },
        {
          "type": "cssRules",
          "assetId": "oGDcZ7dAly",
          "checksum": "9d755931d0f5b35e89c5874005f34d18"
        },
        {
          "type": "renderModule",
          "assetId": "ww_7YrxOb5",
          "checksum": "90bd6669bae8a392ed03c9f47f09a4c3"
        },
        {
          "type": "cssRules",
          "assetId": "ww_7YrxOb5",
          "checksum": "90bd6669bae8a392ed03c9f47f09a4c3"
        },
        {
          "type": "renderModule",
          "assetId": "FpGeBZ3fSu",
          "checksum": "31bb6527357d96840bbe49a82055b094"
        },
        {
          "type": "cssRules",
          "assetId": "FpGeBZ3fSu",
          "checksum": "31bb6527357d96840bbe49a82055b094"
        },
        {
          "type": "renderModule",
          "assetId": "Gp2gyPlsjU",
          "checksum": "79415ca1d88a44b962378bf81cc02b38"
        },
        {
          "type": "cssRules",
          "assetId": "Gp2gyPlsjU",
          "checksum": "79415ca1d88a44b962378bf81cc02b38"
        },
        {
          "type": "renderModule",
          "assetId": "WiFB8-VHiUE",
          "checksum": "8b3277dc4a9997aa429dbda7e9632d39"
        },
        {
          "type": "cssRules",
          "assetId": "WiFB8-VHiUE",
          "checksum": "8b3277dc4a9997aa429dbda7e9632d39"
        },
        {
          "type": "renderModule",
          "assetId": "R2StY4hS7ch",
          "checksum": "02abedb27dae76ef91837f08ccfa5809"
        },
        {
          "type": "cssRules",
          "assetId": "R2StY4hS7ch",
          "checksum": "02abedb27dae76ef91837f08ccfa5809"
        },
        {
          "type": "renderModule",
          "assetId": "DXi2tuunkH",
          "checksum": "29cc2a973d243679ad859f49fa1d2d4f"
        },
        {
          "type": "cssRules",
          "assetId": "DXi2tuunkH",
          "checksum": "29cc2a973d243679ad859f49fa1d2d4f"
        },
        {
          "type": "renderModule",
          "assetId": "2FDyF-_1j4",
          "checksum": "ed1be90a504085eb7f130f662465a35e"
        },
        {
          "type": "cssRules",
          "assetId": "2FDyF-_1j4",
          "checksum": "ed1be90a504085eb7f130f662465a35e"
        },
        {
          "type": "renderModule",
          "assetId": "aYyZ3CnFHM",
          "checksum": "4caef30967f93c2107558bb599d1d108"
        },
        {
          "type": "cssRules",
          "assetId": "aYyZ3CnFHM",
          "checksum": "4caef30967f93c2107558bb599d1d108"
        },
        {
          "type": "renderModule",
          "assetId": "xiHfOpwUTy3",
          "checksum": "7937c2f5e8bd7d4c07b4b258ff2d6135"
        },
        {
          "type": "cssRules",
          "assetId": "xiHfOpwUTy3",
          "checksum": "7937c2f5e8bd7d4c07b4b258ff2d6135"
        },
        {
          "type": "renderModule",
          "assetId": "D4A_nzoplA",
          "checksum": "dab1dc0c5e800eff0ae30b9d2d36f3a3"
        },
        {
          "type": "cssRules",
          "assetId": "D4A_nzoplA",
          "checksum": "dab1dc0c5e800eff0ae30b9d2d36f3a3"
        },
        {
          "type": "renderModule",
          "assetId": "E4_3fcJKstM",
          "checksum": "e559fe5a0d26ca7323f9977af1d99277"
        },
        {
          "type": "cssRules",
          "assetId": "E4_3fcJKstM",
          "checksum": "e559fe5a0d26ca7323f9977af1d99277"
        },
        {
          "type": "renderModule",
          "assetId": "fuGFWdbuZH1",
          "checksum": "835b8dd7a467599c8858c3570ae35e77"
        },
        {
          "type": "cssRules",
          "assetId": "fuGFWdbuZH1",
          "checksum": "835b8dd7a467599c8858c3570ae35e77"
        },
        {
          "type": "renderModule",
          "assetId": "jgjxXrhn30",
          "checksum": "beaa557a0b21f9f38e4bd2e53b6cea2e"
        },
        {
          "type": "cssRules",
          "assetId": "jgjxXrhn30",
          "checksum": "beaa557a0b21f9f38e4bd2e53b6cea2e"
        },
        {
          "type": "renderModule",
          "assetId": "21eUIqEO3u",
          "checksum": "67326f087a4383ce4d30d6534ec9842b"
        },
        {
          "type": "cssRules",
          "assetId": "21eUIqEO3u",
          "checksum": "67326f087a4383ce4d30d6534ec9842b"
        },
        {
          "type": "renderModule",
          "assetId": "4iL8_Fj5jz",
          "checksum": "8eaa7d53a0c7efd2e752381e77ce4421"
        },
        {
          "type": "cssRules",
          "assetId": "4iL8_Fj5jz",
          "checksum": "8eaa7d53a0c7efd2e752381e77ce4421"
        },
        {
          "type": "icon",
          "assetId": "S0f28tX5quw",
          "checksum": "3be99604e4838ef6cc37265ab2e6837b"
        },
        {
          "type": "icon",
          "assetId": "TE7eTcYpH1C",
          "checksum": "3e816517e7d3f9a56e5a6b1d7adcb12d"
        },
        {
          "type": "image",
          "assetId": "0ZW3BPmlN",
          "checksum": "48ef85eab95b72ac48e739884d7917c6"
        },
        {
          "type": "image",
          "assetId": "P1G7E7hh4",
          "checksum": "5f34871d4550228bbb8044a63b73e245"
        },
        {
          "type": "image",
          "assetId": "NPAEF4gYs",
          "checksum": "bcec3b80f1116f3f5faefba8e59f4721"
        },
        {
          "type": "image",
          "assetId": "3getqYjJR",
          "checksum": "5cb0ebd93fd092e28e18d66fa9482cb4"
        },
        {
          "type": "image",
          "assetId": "m6tYioaXUFyx",
          "checksum": "4d20921514dfe4d59b20fd6d8600449a"
        },
        {
          "type": "image",
          "assetId": "42T3HLsn7",
          "checksum": "793f1adc60e536f8e85e56c1418fbcc3"
        },
        {
          "assetId": "7kHHtmp7kw7v5e6mQsr6wa",
          "type": "projectCss",
          "checksum": "f12f90bea929706d0afda8046f594fac"
        }
      ],
      "codegenVersion": "0.0.1"
    }
  ],
  "cliVersion": "0.1.194"
}
